dependencies:
- name: nnotif-dynarest
  repository: file://./charts/nnotif-dynarest
  version: 0.1.0
- name: nnotif-public
  repository: file://./charts/nnotif-public
  version: 0.1.0
- name: postgresql
  repository: https://charts.bitnami.com/bitnami
  version: 12.1.13
digest: sha256:32a9a81f645718cb2df696c6a67f3556202e73355ff12660a8fcfa9c0a16d26a
generated: "2023-02-01T22:38:26.664177731+01:00"
